
Microsoft Visual Studio Solution File, Format Version 12.00
# Visual Studio Version 17
VisualStudioVersion = 17.14.36212.18 d17.14
MinimumVisualStudioVersion = 10.0.40219.1
Project("{FAE04EC0-301F-11D3-BF4B-00C04F79EFBC}") = "type_converter", "type_converter.csproj", "{323340C0-6DD0-4852-91ED-79491FA4441D}"
EndProject
Global
	GlobalSection(SolutionConfigurationPlatforms) = preSolution
		Debug|Any CPU = Debug|Any CPU
		Release|Any CPU = Release|Any CPU
	EndGlobalSection
	GlobalSection(ProjectConfigurationPlatforms) = postSolution
		{323340C0-6DD0-4852-91ED-79491FA4441D}.Debug|Any CPU.ActiveCfg = Debug|Any CPU
		{323340C0-6DD0-4852-91ED-79491FA4441D}.Debug|Any CPU.Build.0 = Debug|Any CPU
		{323340C0-6DD0-4852-91ED-79491FA4441D}.Release|Any CPU.ActiveCfg = Release|Any CPU
		{323340C0-6DD0-4852-91ED-79491FA4441D}.Release|Any CPU.Build.0 = Release|Any CPU
	EndGlobalSection
	GlobalSection(SolutionProperties) = preSolution
		HideSolutionNode = FALSE
	EndGlobalSection
	GlobalSection(ExtensibilityGlobals) = postSolution
		SolutionGuid = {FFD5545D-3641-4269-9E5C-AA731F3022E4}
	EndGlobalSection
EndGlobal
